{
  "requires": true,
  "lockfileVersion": 1,
  "dependencies": {
    "@babel/runtime": {
      "version": "7.3.1",
      "resolved": "https://registry.npmjs.org/@babel/runtime/-/runtime-7.3.1.tgz",
      "integrity": "sha512-7jGW8ppV0ant637pIqAcFfQDDH1orEPGJb8aXfUozuCU3QqX7rX4DA8iwrbPrR1hcH0FTTHz47yQnk+bl5xHQA==",
      "requires": {
        "regenerator-runtime": "^0.12.0"
      }
    },
    "connected-react-router": {
      "version": "6.3.1",
      "resolved": "https://registry.npmjs.org/connected-react-router/-/connected-react-router-6.3.1.tgz",
      "integrity": "sha512-nhuQiLOAQlCgkCypGSUhycgaqqTh2IUwVFvzw2y13v8JqB92yTk3yeAKG6X1b0IcD7S4gQizYbjgejf7DJjbyw==",
      "requires": {
        "immutable": "^3.8.1",
        "seamless-immutable": "^7.1.3"
      }
    },
    "emoji-regex": {
      "version": "7.0.3",
      "resolved": "https://registry.npmjs.org/emoji-regex/-/emoji-regex-7.0.3.tgz",
      "integrity": "sha512-CwBLREIQ7LvYFB0WyRvwhq5N5qPhc6PMjD6bYggFlI5YyDgl+0vxq5VHbMOFqLg7hfWzmu8T5Z1QofhmTIhItA=="
    },
    "emojilib": {
      "version": "2.4.0",
      "resolved": "https://registry.npmjs.org/emojilib/-/emojilib-2.4.0.tgz",
      "integrity": "sha512-5U0rVMU5Y2n2+ykNLQqMoqklN9ICBT/KsvC1Gz6vqHbz2AXXGkG+Pm5rMWk/8Vjrr/mY9985Hi8DYzn1F09Nyw=="
    },
    "exenv": {
      "version": "1.2.2",
      "resolved": "https://registry.npmjs.org/exenv/-/exenv-1.2.2.tgz",
      "integrity": "sha1-KueOhdmJQVhnCwPUe+wfA72Ru50="
    },
    "history": {
      "version": "4.7.2",
      "resolved": "https://registry.npmjs.org/history/-/history-4.7.2.tgz",
      "integrity": "sha512-1zkBRWW6XweO0NBcjiphtVJVsIQ+SXF29z9DVkceeaSLVMFXHool+fdCZD4spDCfZJCILPILc3bm7Bc+HRi0nA==",
      "requires": {
        "invariant": "^2.2.1",
        "loose-envify": "^1.2.0",
        "resolve-pathname": "^2.2.0",
        "value-equal": "^0.4.0",
        "warning": "^3.0.0"
      }
    },
    "hoist-non-react-statics": {
      "version": "3.3.0",
      "resolved": "https://registry.npmjs.org/hoist-non-react-statics/-/hoist-non-react-statics-3.3.0.tgz",
      "integrity": "sha512-0XsbTXxgiaCDYDIWFcwkmerZPSwywfUqYmwT4jzewKTQSWoE6FCMoUVOeBJWK3E/CrWbxRG3m5GzY4lnIwGRBA==",
      "requires": {
        "react-is": "^16.7.0"
      }
    },
    "immutable": {
      "version": "3.8.2",
      "resolved": "https://registry.npmjs.org/immutable/-/immutable-3.8.2.tgz",
      "integrity": "sha1-wkOZUUVbs5kT2vKBN28VMOEErfM="
    },
    "invariant": {
      "version": "2.2.4",
      "resolved": "https://registry.npmjs.org/invariant/-/invariant-2.2.4.tgz",
      "integrity": "sha512-phJfQVBuaJM5raOpJjSfkiD6BpbCE4Ns//LaXl6wGYtUBY83nWS6Rf9tXm2e8VaK60JEjYldbPif/A2B1C2gNA==",
      "requires": {
        "loose-envify": "^1.0.0"
      }
    },
    "isarray": {
      "version": "0.0.1",
      "resolved": "https://registry.npmjs.org/isarray/-/isarray-0.0.1.tgz",
      "integrity": "sha1-ihis/Kmo9Bd+Cav8YDiTmwXR7t8="
    },
    "js-tokens": {
      "version": "4.0.0",
      "resolved": "https://registry.npmjs.org/js-tokens/-/js-tokens-4.0.0.tgz",
      "integrity": "sha512-RdJUflcE3cUzKiMqQgsCu06FPu9UdIJO0beYbPhHN4k6apgJtifcoCtT9bcxOpYBtpD2kCM6Sbzg4CausW/PKQ=="
    },
    "loose-envify": {
      "version": "1.4.0",
      "resolved": "https://registry.npmjs.org/loose-envify/-/loose-envify-1.4.0.tgz",
      "integrity": "sha512-lyuxPGr/Wfhrlem2CL/UcnUc1zcqKAImBDzukY7Y5F/yQiNdko6+fRLevlw1HgMySw7f611UIY408EtxRSoK3Q==",
      "requires": {
        "js-tokens": "^3.0.0 || ^4.0.0"
      }
    },
    "luxon": {
      "version": "1.11.2",
      "resolved": "https://registry.npmjs.org/luxon/-/luxon-1.11.2.tgz",
      "integrity": "sha512-dD6sJotzprPhqJAp9eZbc1y1cc0CMiwRabsaEfFBJT2lRkWdOqJe3QmxB8GNwjOHZ6fciuGiLK3htgxZgphGxA=="
    },
    "object-assign": {
      "version": "4.1.1",
      "resolved": "https://registry.npmjs.org/object-assign/-/object-assign-4.1.1.tgz",
      "integrity": "sha1-IQmtx5ZYh8/AXLvUQsrIv7s2CGM="
    },
    "path-to-regexp": {
      "version": "1.7.0",
      "resolved": "https://registry.npmjs.org/path-to-regexp/-/path-to-regexp-1.7.0.tgz",
      "integrity": "sha1-Wf3g9DW62suhA6hOnTvGTpa5k30=",
      "requires": {
        "isarray": "0.0.1"
      }
    },
    "performance-now": {
      "version": "0.2.0",
      "resolved": "https://registry.npmjs.org/performance-now/-/performance-now-0.2.0.tgz",
      "integrity": "sha1-M+8wxcd9TqIcWlOGnZG1bY8lVeU="
    },
    "prop-types": {
      "version": "15.7.1",
      "resolved": "https://registry.npmjs.org/prop-types/-/prop-types-15.7.1.tgz",
      "integrity": "sha512-f8Lku2z9kERjOCcnDOPm68EBJAO2K00Q5mSgPAUE/gJuBgsYLbVy6owSrtcHj90zt8PvW+z0qaIIgsIhHOa1Qw==",
      "requires": {
        "object-assign": "^4.1.1",
        "react-is": "^16.8.1"
      }
    },
    "raf": {
      "version": "3.4.1",
      "resolved": "https://registry.npmjs.org/raf/-/raf-3.4.1.tgz",
      "integrity": "sha512-Sq4CW4QhwOHE8ucn6J34MqtZCeWFP2aQSmrlroYgqAV1PjStIhJXxYuTgUIfkEk7zTLjmIjLmU5q+fbD1NnOJA==",
      "requires": {
        "performance-now": "^2.1.0"
      },
      "dependencies": {
        "performance-now": {
          "version": "2.1.0",
          "resolved": "https://registry.npmjs.org/performance-now/-/performance-now-2.1.0.tgz",
          "integrity": "sha1-Ywn04OX6kT7BxpMHrjZLSzd8nns="
        }
      }
    },
    "react": {
      "version": "16.8.1",
      "resolved": "https://registry.npmjs.org/react/-/react-16.8.1.tgz",
      "integrity": "sha512-wLw5CFGPdo7p/AgteFz7GblI2JPOos0+biSoxf1FPsGxWQZdN/pj6oToJs1crn61DL3Ln7mN86uZ4j74p31ELQ==",
      "requires": {
        "loose-envify": "^1.1.0",
        "object-assign": "^4.1.1",
        "prop-types": "^15.6.2",
        "scheduler": "^0.13.1"
      }
    },
    "react-dom": {
      "version": "16.8.1",
      "resolved": "https://registry.npmjs.org/react-dom/-/react-dom-16.8.1.tgz",
      "integrity": "sha512-N74IZUrPt6UiDjXaO7UbDDFXeUXnVhZzeRLy/6iqqN1ipfjrhR60Bp5NuBK+rv3GMdqdIuwIl22u1SYwf330bg==",
      "requires": {
        "loose-envify": "^1.1.0",
        "object-assign": "^4.1.1",
        "prop-types": "^15.6.2",
        "scheduler": "^0.13.1"
      }
    },
    "react-is": {
      "version": "16.8.1",
      "resolved": "https://registry.npmjs.org/react-is/-/react-is-16.8.1.tgz",
      "integrity": "sha512-ioMCzVDWvCvKD8eeT+iukyWrBGrA3DiFYkXfBsVYIRdaREZuBjENG+KjrikavCLasozqRWTwFUagU/O4vPpRMA=="
    },
    "react-motion": {
      "version": "0.5.2",
      "resolved": "https://registry.npmjs.org/react-motion/-/react-motion-0.5.2.tgz",
      "integrity": "sha512-9q3YAvHoUiWlP3cK0v+w1N5Z23HXMj4IF4YuvjvWegWqNPfLXsOBE/V7UvQGpXxHFKRQQcNcVQE31g9SB/6qgQ==",
      "requires": {
        "performance-now": "^0.2.0",
        "prop-types": "^15.5.8",
        "raf": "^3.1.0"
      }
    },
    "react-node-resolver": {
      "version": "2.0.1",
      "resolved": "https://registry.npmjs.org/react-node-resolver/-/react-node-resolver-2.0.1.tgz",
      "integrity": "sha512-+PPy/FtAAo5wsLQYMlHkxJ3AMUGL33gpEIx/HBzS8OrcIfacRhGaNVWUJ8bhEbc64en+/bbCNTVZR+pkhqXEbA=="
    },
    "react-redux": {
      "version": "6.0.0",
      "resolved": "https://registry.npmjs.org/react-redux/-/react-redux-6.0.0.tgz",
      "integrity": "sha512-EmbC3uLl60pw2VqSSkj6HpZ6jTk12RMrwXMBdYtM6niq0MdEaRq9KYCwpJflkOZj349BLGQm1MI/JO1W96kLWQ==",
      "requires": {
        "@babel/runtime": "^7.2.0",
        "hoist-non-react-statics": "^3.2.1",
        "invariant": "^2.2.4",
        "loose-envify": "^1.4.0",
        "prop-types": "^15.6.2",
        "react-is": "^16.6.3"
      }
    },
    "react-router": {
      "version": "4.3.1",
      "resolved": "https://registry.npmjs.org/react-router/-/react-router-4.3.1.tgz",
      "integrity": "sha512-yrvL8AogDh2X42Dt9iknk4wF4V8bWREPirFfS9gLU1huk6qK41sg7Z/1S81jjTrGHxa3B8R3J6xIkDAA6CVarg==",
      "requires": {
        "history": "^4.7.2",
        "hoist-non-react-statics": "^2.5.0",
        "invariant": "^2.2.4",
        "loose-envify": "^1.3.1",
        "path-to-regexp": "^1.7.0",
        "prop-types": "^15.6.1",
        "warning": "^4.0.1"
      },
      "dependencies": {
        "hoist-non-react-statics": {
          "version": "2.5.5",
          "resolved": "https://registry.npmjs.org/hoist-non-react-statics/-/hoist-non-react-statics-2.5.5.tgz",
          "integrity": "sha512-rqcy4pJo55FTTLWt+bU8ukscqHeE/e9KWvsOW2b/a3afxQZhwkQdT1rPPCJ0rYXdj4vNcasY8zHTH+jF/qStxw=="
        },
        "warning": {
          "version": "4.0.3",
          "resolved": "https://registry.npmjs.org/warning/-/warning-4.0.3.tgz",
          "integrity": "sha512-rpJyN222KWIvHJ/F53XSZv0Zl/accqHR8et1kpaMTD/fLCRxtV8iX8czMzY7sVZupTI3zcUTg8eycS2kNF9l6w==",
          "requires": {
            "loose-envify": "^1.0.0"
          }
        }
      }
    },
    "react-router-dom": {
      "version": "4.3.1",
      "resolved": "https://registry.npmjs.org/react-router-dom/-/react-router-dom-4.3.1.tgz",
      "integrity": "sha512-c/MlywfxDdCp7EnB7YfPMOfMD3tOtIjrQlj/CKfNMBxdmpJP8xcz5P/UAFn3JbnQCNUxsHyVVqllF9LhgVyFCA==",
      "requires": {
        "history": "^4.7.2",
        "invariant": "^2.2.4",
        "loose-envify": "^1.3.1",
        "prop-types": "^15.6.1",
        "react-router": "^4.3.1",
        "warning": "^4.0.1"
      },
      "dependencies": {
        "warning": {
          "version": "4.0.3",
          "resolved": "https://registry.npmjs.org/warning/-/warning-4.0.3.tgz",
          "integrity": "sha512-rpJyN222KWIvHJ/F53XSZv0Zl/accqHR8et1kpaMTD/fLCRxtV8iX8czMzY7sVZupTI3zcUTg8eycS2kNF9l6w==",
          "requires": {
            "loose-envify": "^1.0.0"
          }
        }
      }
    },
    "react-scrolllock": {
      "version": "4.0.1",
      "resolved": "https://registry.npmjs.org/react-scrolllock/-/react-scrolllock-4.0.1.tgz",
      "integrity": "sha512-XWtRucd411402AfwnUyR0cZqN/beJy0NAygX92APzgeAhkHzpfWrsiakqKVIVqMNkgM8s2lIku/hzaFoTgw7Gw==",
      "requires": {
        "exenv": "^1.2.2",
        "react-node-resolver": "^2.0.1"
      }
    },
    "redux": {
      "version": "4.0.1",
      "resolved": "https://registry.npmjs.org/redux/-/redux-4.0.1.tgz",
      "integrity": "sha512-R7bAtSkk7nY6O/OYMVR9RiBI+XghjF9rlbl5806HJbQph0LJVHZrU5oaO4q70eUKiqMRqm4y07KLTlMZ2BlVmg==",
      "requires": {
        "loose-envify": "^1.4.0",
        "symbol-observable": "^1.2.0"
      }
    },
    "redux-loop": {
      "version": "4.5.4",
      "resolved": "https://registry.npmjs.org/redux-loop/-/redux-loop-4.5.4.tgz",
      "integrity": "sha512-4DU7W7koaPWY3PwfVFYCBdi+12yYFTohaU2ajMgdKe4yPX7ZJJB6h2idjRuyr+usMNt7ewm6Y22u5e8qhy25yw=="
    },
    "regenerator-runtime": {
      "version": "0.12.1",
      "resolved": "https://registry.npmjs.org/regenerator-runtime/-/regenerator-runtime-0.12.1.tgz",
      "integrity": "sha512-odxIc1/vDlo4iZcfXqRYFj0vpXFNoGdKMAUieAlFYO6m/nl5e9KR/beGf41z4a1FI+aQgtjhuaSlDxQ0hmkrHg=="
    },
    "resolve-pathname": {
      "version": "2.2.0",
      "resolved": "https://registry.npmjs.org/resolve-pathname/-/resolve-pathname-2.2.0.tgz",
      "integrity": "sha512-bAFz9ld18RzJfddgrO2e/0S2O81710++chRMUxHjXOYKF6jTAMrUNZrEZ1PvV0zlhfjidm08iRPdTLPno1FuRg=="
    },
    "scheduler": {
      "version": "0.13.1",
      "resolved": "https://registry.npmjs.org/scheduler/-/scheduler-0.13.1.tgz",
      "integrity": "sha512-VJKOkiKIN2/6NOoexuypwSrybx13MY7NSy9RNt8wPvZDMRT1CW6qlpF5jXRToXNHz3uWzbm2elNpZfXfGPqP9A==",
      "requires": {
        "loose-envify": "^1.1.0",
        "object-assign": "^4.1.1"
      }
    },
    "seamless-immutable": {
      "version": "7.1.4",
      "resolved": "https://registry.npmjs.org/seamless-immutable/-/seamless-immutable-7.1.4.tgz",
      "integrity": "sha512-XiUO1QP4ki4E2PHegiGAlu6r82o5A+6tRh7IkGGTVg/h+UoeX4nFBeCGPOhb4CYjvkqsfm/TUtvOMYC1xmV30A=="
    },
    "symbol-observable": {
      "version": "1.2.0",
      "resolved": "https://registry.npmjs.org/symbol-observable/-/symbol-observable-1.2.0.tgz",
      "integrity": "sha512-e900nM8RRtGhlV36KGEU9k65K3mPb1WV70OdjfxlG2EAuM1noi/E/BaW/uMhL7bPEssK8QV57vN3esixjUvcXQ=="
    },
    "thanksy-webapp": {
      "version": "git+https://github.com/tooploox/thanksy-webapp.git#2c6368059795aa6f6d3b351b631b4fbe102f506f",
      "from": "git+https://github.com/tooploox/thanksy-webapp.git",
      "requires": {
        "connected-react-router": "6.3.1",
        "emoji-regex": "7.0.3",
        "emojilib": "2.4.0",
        "history": "4.7.2",
        "luxon": "1.11.2",
        "react": "16.8.1",
        "react-dom": "16.8.1",
        "react-motion": "0.5.2",
        "react-redux": "6.0.0",
        "react-router-dom": "4.3.1",
        "react-scrolllock": "4.0.1",
        "redux": "4.0.1",
        "redux-loop": "4.5.4",
        "twemoji": "11.3.0"
      }
    },
    "twemoji": {
      "version": "11.3.0",
      "resolved": "https://registry.npmjs.org/twemoji/-/twemoji-11.3.0.tgz",
      "integrity": "sha512-xN/vlR6+gDmfjt6LInAqwGAv3Agwrmzx5TD1jEFwKS19IOGDrX0/3OB8GP1wUYPVIdkaer5hw6qd+52jzvz0Lg=="
    },
    "value-equal": {
      "version": "0.4.0",
      "resolved": "https://registry.npmjs.org/value-equal/-/value-equal-0.4.0.tgz",
      "integrity": "sha512-x+cYdNnaA3CxvMaTX0INdTCN8m8aF2uY9BvEqmxuYp8bL09cs/kWVQPVGcA35fMktdOsP69IgU7wFj/61dJHEw=="
    },
    "warning": {
      "version": "3.0.0",
      "resolved": "https://registry.npmjs.org/warning/-/warning-3.0.0.tgz",
      "integrity": "sha1-MuU3fLVy3kqwR1O9+IIcAe1gW3w=",
      "requires": {
        "loose-envify": "^1.0.0"
      }
    }
  }
}
